
Microsoft Visual Studio Solution File, Format Version 12.00
# Visual Studio Version 17
VisualStudioVersion = 17.10.34916.146
MinimumVisualStudioVersion = 10.0.40219.1
Project("{9A19103F-16F7-4668-BE54-9A1E7A4F7556}") = "DemoProject.App", "DemoProject.App.csproj", "{01CE6DDC-480D-4288-8744-CFBACD1B507F}"
EndProject
Project("{9A19103F-16F7-4668-BE54-9A1E7A4F7556}") = "DemoProject.Test", "..\APITesting.Test\DemoProject.Test.csproj", "{37F69E0B-4C38-4DE1-9971-6385DD507CB8}"
EndProject
Project("{FAE04EC0-301F-11D3-BF4B-00C04F79EFBC}") = "DemoProject.Data", "..\DemoProject.Data\DemoProject.Data.csproj", "{FAC23E65-B041-4EF5-B7AC-51063C026F27}"
EndProject
Project("{FAE04EC0-301F-11D3-BF4B-00C04F79EFBC}") = "DemoProject.Services", "..\DemoProject.Services\DemoProject.Services.csproj", "{7B12CB40-23A6-4183-A7CB-CD7A294D98CC}"
EndProject
Project("{FAE04EC0-301F-11D3-BF4B-00C04F79EFBC}") = "DemoProject.Infrastructure", "..\DemoProject.Infrastructure\DemoProject.Infrastructure.csproj", "{16289AB9-CF5C-4B16-B855-FF84A993E4FA}"
EndProject
Global
	GlobalSection(SolutionConfigurationPlatforms) = preSolution
		Debug|Any CPU = Debug|Any CPU
		Release|Any CPU = Release|Any CPU
	EndGlobalSection
	GlobalSection(ProjectConfigurationPlatforms) = postSolution
		{01CE6DDC-480D-4288-8744-CFBACD1B507F}.Debug|Any CPU.ActiveCfg = Debug|Any CPU
		{01CE6DDC-480D-4288-8744-CFBACD1B507F}.Debug|Any CPU.Build.0 = Debug|Any CPU
		{01CE6DDC-480D-4288-8744-CFBACD1B507F}.Release|Any CPU.ActiveCfg = Release|Any CPU
		{01CE6DDC-480D-4288-8744-CFBACD1B507F}.Release|Any CPU.Build.0 = Release|Any CPU
		{37F69E0B-4C38-4DE1-9971-6385DD507CB8}.Debug|Any CPU.ActiveCfg = Debug|Any CPU
		{37F69E0B-4C38-4DE1-9971-6385DD507CB8}.Debug|Any CPU.Build.0 = Debug|Any CPU
		{37F69E0B-4C38-4DE1-9971-6385DD507CB8}.Release|Any CPU.ActiveCfg = Release|Any CPU
		{37F69E0B-4C38-4DE1-9971-6385DD507CB8}.Release|Any CPU.Build.0 = Release|Any CPU
		{FAC23E65-B041-4EF5-B7AC-51063C026F27}.Debug|Any CPU.ActiveCfg = Debug|Any CPU
		{FAC23E65-B041-4EF5-B7AC-51063C026F27}.Debug|Any CPU.Build.0 = Debug|Any CPU
		{FAC23E65-B041-4EF5-B7AC-51063C026F27}.Release|Any CPU.ActiveCfg = Release|Any CPU
		{FAC23E65-B041-4EF5-B7AC-51063C026F27}.Release|Any CPU.Build.0 = Release|Any CPU
		{7B12CB40-23A6-4183-A7CB-CD7A294D98CC}.Debug|Any CPU.ActiveCfg = Debug|Any CPU
		{7B12CB40-23A6-4183-A7CB-CD7A294D98CC}.Debug|Any CPU.Build.0 = Debug|Any CPU
		{7B12CB40-23A6-4183-A7CB-CD7A294D98CC}.Release|Any CPU.ActiveCfg = Release|Any CPU
		{7B12CB40-23A6-4183-A7CB-CD7A294D98CC}.Release|Any CPU.Build.0 = Release|Any CPU
		{16289AB9-CF5C-4B16-B855-FF84A993E4FA}.Debug|Any CPU.ActiveCfg = Debug|Any CPU
		{16289AB9-CF5C-4B16-B855-FF84A993E4FA}.Debug|Any CPU.Build.0 = Debug|Any CPU
		{16289AB9-CF5C-4B16-B855-FF84A993E4FA}.Release|Any CPU.ActiveCfg = Release|Any CPU
		{16289AB9-CF5C-4B16-B855-FF84A993E4FA}.Release|Any CPU.Build.0 = Release|Any CPU
	EndGlobalSection
	GlobalSection(SolutionProperties) = preSolution
		HideSolutionNode = FALSE
	EndGlobalSection
	GlobalSection(ExtensibilityGlobals) = postSolution
		SolutionGuid = {9D36C245-23A0-4228-A102-CDE62AFB2999}
	EndGlobalSection
EndGlobal
